# This file is autogenerated, do not edit; changes may be undone by the next 'dep ensure'.


[[projects]]
  branch = "master"
  digest = "1:a0ae09c3eb73ae69a6ac2885b077b33860622cd45e111a4611d083da28f5c982"
  name = "github.com/google/go-containerregistry"
  packages = [
    "pkg/authn",
    "pkg/name",
    "pkg/v1",
    "pkg/v1/empty",
    "pkg/v1/mutate",
    "pkg/v1/partial",
    "pkg/v1/random",
    "pkg/v1/remote",
    "pkg/v1/remote/transport",
    "pkg/v1/stream",
    "pkg/v1/tarball",
    "pkg/v1/types",
    "pkg/v1/v1util",
  ]
  pruneopts = "NUT"
  revision = "d357049f9ee76ee51370b958b6ba1b6da8d0ad36"

[[projects]]
  branch = "master"
  digest = "1:b521f10a2d8fa85c04a8ef4e62f2d1e14d303599a55d64dabf9f5a02f84d35eb"
  name = "golang.org/x/sync"
  packages = ["errgroup"]
  pruneopts = "NUT"
  revision = "42b317875d0fa942474b76e1b46a6060d720ae6e"

[solve-meta]
  analyzer-name = "dep"
  analyzer-version = 1
  input-imports = [
    "github.com/google/go-containerregistry/pkg/authn",
    "github.com/google/go-containerregistry/pkg/name",
    "github.com/google/go-containerregistry/pkg/v1/mutate",
    "github.com/google/go-containerregistry/pkg/v1/remote",
    "github.com/google/go-containerregistry/pkg/v1/tarball",
    "github.com/google/go-containerregistry/pkg/v1/v1util",
  ]
  solver-name = "gps-cdcl"
  solver-version = 1
